
Microsoft Visual Studio Solution File, Format Version 12.00
# Visual Studio Version 16
VisualStudioVersion = 16.0.31313.79
MinimumVisualStudioVersion = 10.0.40219.1
Project("{FAE04EC0-301F-11D3-BF4B-00C04F79EFBC}") = "TestWebApplication", "TestWebApplication.csproj", "{ECD7C189-A654-4618-A6C7-F37F00925743}"
EndProject
Global
	GlobalSection(SolutionConfigurationPlatforms) = preSolution
		Debug|Any CPU = Debug|Any CPU
		Release|Any CPU = Release|Any CPU
	EndGlobalSection
	GlobalSection(ProjectConfigurationPlatforms) = postSolution
		{ECD7C189-A654-4618-A6C7-F37F00925743}.Debug|Any CPU.ActiveCfg = Debug|Any CPU
		{ECD7C189-A654-4618-A6C7-F37F00925743}.Debug|Any CPU.Build.0 = Debug|Any CPU
		{ECD7C189-A654-4618-A6C7-F37F00925743}.Release|Any CPU.ActiveCfg = Release|Any CPU
		{ECD7C189-A654-4618-A6C7-F37F00925743}.Release|Any CPU.Build.0 = Release|Any CPU
	EndGlobalSection
	GlobalSection(SolutionProperties) = preSolution
		HideSolutionNode = FALSE
	EndGlobalSection
	GlobalSection(ExtensibilityGlobals) = postSolution
		SolutionGuid = {A7404BAE-3B03-4BE0-8A49-DD66D1E40C33}
	EndGlobalSection
EndGlobal
